# This file was autogenerated by Stack.
# You should not edit this file by hand.
# For more information, please see the documentation at:
#   https://docs.haskellstack.org/en/stable/lock_files

packages:
- completed:
    hackage: doctest-parallel-0.2.4@sha256:87183137417ec2322ee640e53d918cf5cfbce3254b37cc1ee38d05c6ab15e907,5858
    pantry-tree:
      sha256: a795f237cf3b34c9ca2e72c41bae6d6ca1ddbcc02dbc30000ba3359a0150b792
      size: 7976
  original:
    hackage: doctest-parallel-0.2.4
- completed:
    hackage: fused-effects-1.1.2.2@sha256:a339d6d0631f111967fc526cb8d934c89fc361f3c1ef3aceaf0f82a38b1f25df,5564
    pantry-tree:
      sha256: 09c76a08e29cb981503f86a44cf1bdfaca4424c51520dd3989c44f708e1660f4
      size: 6845
  original:
    hackage: fused-effects-1.1.2.2
- completed:
    hackage: Cabal-3.6.3.0@sha256:ff97c442b0c679c1c9876acd15f73ac4f602b973c45bde42b43ec28265ee48f4,12459
    pantry-tree:
      sha256: b250a53bdb56844f047a2927833bb565b936a289abfa85dfc2a63148d776368a
      size: 19757
  original:
    hackage: Cabal-3.6.3.0
snapshots:
- completed:
    sha256: 7d4b649cf368f9076d8aa049aa44efe58950971d105892734e9957b2a26a2186
    size: 640060
    url: https://raw.githubusercontent.com/commercialhaskell/stackage-snapshots/master/lts/21/21.yaml
  original: lts-21.21
